
Microsoft Visual Studio Solution File, Format Version 12.00
# Visual Studio Version 16
VisualStudioVersion = 16.0.29318.209
MinimumVisualStudioVersion = 10.0.40219.1
Project("{FAE04EC0-301F-11D3-BF4B-00C04F79EFBC}") = "IPT_Assignment3", "IPT_Assignment3\IPT_Assignment3.csproj", "{E1B2337E-E44F-4756-A6FC-DDFCB0FBC5CC}"
EndProject
Project("{FAE04EC0-301F-11D3-BF4B-00C04F79EFBC}") = "IPT_Assignment3.Data", "IPT_Assignment3.Data\IPT_Assignment3.Data.csproj", "{B9F09A45-3398-4A04-A3A7-777098100BA9}"
EndProject
Project("{FAE04EC0-301F-11D3-BF4B-00C04F79EFBC}") = "IPT_Assignment3.Test", "IPT_Assignment3.Test\IPT_Assignment3.Test.csproj", "{3E98A157-52B9-4CA6-A89F-103425CD26FF}"
EndProject
Global
	GlobalSection(SolutionConfigurationPlatforms) = preSolution
		Debug|Any CPU = Debug|Any CPU
		Release|Any CPU = Release|Any CPU
	EndGlobalSection
	GlobalSection(ProjectConfigurationPlatforms) = postSolution
		{E1B2337E-E44F-4756-A6FC-DDFCB0FBC5CC}.Debug|Any CPU.ActiveCfg = Debug|Any CPU
		{E1B2337E-E44F-4756-A6FC-DDFCB0FBC5CC}.Debug|Any CPU.Build.0 = Debug|Any CPU
		{E1B2337E-E44F-4756-A6FC-DDFCB0FBC5CC}.Release|Any CPU.ActiveCfg = Release|Any CPU
		{E1B2337E-E44F-4756-A6FC-DDFCB0FBC5CC}.Release|Any CPU.Build.0 = Release|Any CPU
		{B9F09A45-3398-4A04-A3A7-777098100BA9}.Debug|Any CPU.ActiveCfg = Debug|Any CPU
		{B9F09A45-3398-4A04-A3A7-777098100BA9}.Debug|Any CPU.Build.0 = Debug|Any CPU
		{B9F09A45-3398-4A04-A3A7-777098100BA9}.Release|Any CPU.ActiveCfg = Release|Any CPU
		{B9F09A45-3398-4A04-A3A7-777098100BA9}.Release|Any CPU.Build.0 = Release|Any CPU
		{3E98A157-52B9-4CA6-A89F-103425CD26FF}.Debug|Any CPU.ActiveCfg = Debug|Any CPU
		{3E98A157-52B9-4CA6-A89F-103425CD26FF}.Debug|Any CPU.Build.0 = Debug|Any CPU
		{3E98A157-52B9-4CA6-A89F-103425CD26FF}.Release|Any CPU.ActiveCfg = Release|Any CPU
		{3E98A157-52B9-4CA6-A89F-103425CD26FF}.Release|Any CPU.Build.0 = Release|Any CPU
	EndGlobalSection
	GlobalSection(SolutionProperties) = preSolution
		HideSolutionNode = FALSE
	EndGlobalSection
	GlobalSection(ExtensibilityGlobals) = postSolution
		SolutionGuid = {FECA79F0-B359-4DAB-BBF3-890B2AC8A472}
	EndGlobalSection
EndGlobal
